
Microsoft Visual Studio Solution File, Format Version 12.00
# Visual Studio 15
VisualStudioVersion = 15.0.27703.2018
MinimumVisualStudioVersion = 10.0.40219.1
Project("{FAE04EC0-301F-11D3-BF4B-00C04F79EFBC}") = "IfcDoc", "IfcDoc.csproj", "{BD604C7F-1CA2-4399-AC38-AD9CA45E7413}"
EndProject
Project("{FAE04EC0-301F-11D3-BF4B-00C04F79EFBC}") = "BuildingSmart.Serialization.Step", "IfcKit\formats\spf\BuildingSmart.Serialization.Step.csproj", "{9DC23719-6569-4F9A-A676-AAD97D1D233F}"
EndProject
Project("{FAE04EC0-301F-11D3-BF4B-00C04F79EFBC}") = "BuildingSmart.Serialization.Xml", "IfcKit\formats\xml\BuildingSmart.Serialization.Xml.csproj", "{55CD2497-80A6-49B9-880B-AB0743B7DECA}"
EndProject
Project("{FAE04EC0-301F-11D3-BF4B-00C04F79EFBC}") = "BuildingSmart.Serialization.Json", "IfcKit\formats\json\BuildingSmart.Serialization.Json.csproj", "{2D912A6F-3F73-480C-B023-F1D7EF0DC954}"
EndProject
Project("{FAE04EC0-301F-11D3-BF4B-00C04F79EFBC}") = "BuildingSmart.Serialization.Turtle", "IfcKit\formats\ttl\BuildingSmart.Serialization.Turtle.csproj", "{FA52D32F-D526-4F88-855E-282829FF3C9F}"
EndProject
Project("{FAE04EC0-301F-11D3-BF4B-00C04F79EFBC}") = "BuildingSmart.Serialization", "IfcKit\formats\BuildingSmart.Serialization\BuildingSmart.Serialization.csproj", "{36A0328B-1A60-4F07-BC34-4D22A7F65CAC}"
EndProject
Project("{FAE04EC0-301F-11D3-BF4B-00C04F79EFBC}") = "BuildingSmart.Utilities.Conversion", "IfcKit\utilities\BuildingSmart.Utilities.Conversion\BuildingSmart.Utilities.Conversion.csproj", "{048106C1-7D68-4B3C-B7B1-EB437F2C15B0}"
EndProject
Project("{FAE04EC0-301F-11D3-BF4B-00C04F79EFBC}") = "BuildingSmart.Utilities.Validation", "IfcKit\utilities\BuildingSmart.Utilities.Validation\BuildingSmart.Utilities.Validation.csproj", "{B0BAF044-8F12-4C67-B485-A6B98333AAA1}"
EndProject
Project("{FAE04EC0-301F-11D3-BF4B-00C04F79EFBC}") = "BuildingSmart.Utilities.Dictionary", "IfcKit\utilities\BuildingSmart.Utilities.Dictionary\BuildingSmart.Utilities.Dictionary.csproj", "{ECB9F199-28F2-48B9-82E9-B4EDADE8AEBB}"
EndProject
Project("{FAE04EC0-301F-11D3-BF4B-00C04F79EFBC}") = "BuildingSmart.Exchange", "IfcKit\exchanges\BuildingSmart.Exchange\BuildingSmart.Exchange.csproj", "{B81264F7-07F2-49F1-8117-EC22C7355912}"
EndProject
Project("{FAE04EC0-301F-11D3-BF4B-00C04F79EFBC}") = "BuildingSmart.IFC", "IfcKit\schemas\BuildingSmart.IFC.csproj", "{2FFE04F0-B6C2-405E-92A4-D1F3B6B037BC}"
EndProject
Global
	GlobalSection(SolutionConfigurationPlatforms) = preSolution
		Debug|Any CPU = Debug|Any CPU
		Debug|Mixed Platforms = Debug|Mixed Platforms
		Debug|x64 = Debug|x64
		Debug|x86 = Debug|x86
		Release|Any CPU = Release|Any CPU
		Release|Mixed Platforms = Release|Mixed Platforms
		Release|x64 = Release|x64
		Release|x86 = Release|x86
	EndGlobalSection
	GlobalSection(ProjectConfigurationPlatforms) = postSolution
		{BD604C7F-1CA2-4399-AC38-AD9CA45E7413}.Debug|Any CPU.ActiveCfg = Debug|x86
		{BD604C7F-1CA2-4399-AC38-AD9CA45E7413}.Debug|Any CPU.Build.0 = Debug|x86
		{BD604C7F-1CA2-4399-AC38-AD9CA45E7413}.Debug|Mixed Platforms.ActiveCfg = Debug|x86
		{BD604C7F-1CA2-4399-AC38-AD9CA45E7413}.Debug|Mixed Platforms.Build.0 = Debug|x86
		{BD604C7F-1CA2-4399-AC38-AD9CA45E7413}.Debug|x64.ActiveCfg = Debug|x64
		{BD604C7F-1CA2-4399-AC38-AD9CA45E7413}.Debug|x64.Build.0 = Debug|x64
		{BD604C7F-1CA2-4399-AC38-AD9CA45E7413}.Debug|x86.ActiveCfg = Debug|x86
		{BD604C7F-1CA2-4399-AC38-AD9CA45E7413}.Debug|x86.Build.0 = Debug|x86
		{BD604C7F-1CA2-4399-AC38-AD9CA45E7413}.Release|Any CPU.ActiveCfg = Release|x86
		{BD604C7F-1CA2-4399-AC38-AD9CA45E7413}.Release|Any CPU.Build.0 = Release|x86
		{BD604C7F-1CA2-4399-AC38-AD9CA45E7413}.Release|Mixed Platforms.ActiveCfg = Release|x86
		{BD604C7F-1CA2-4399-AC38-AD9CA45E7413}.Release|Mixed Platforms.Build.0 = Release|x86
		{BD604C7F-1CA2-4399-AC38-AD9CA45E7413}.Release|x64.ActiveCfg = Release|x64
		{BD604C7F-1CA2-4399-AC38-AD9CA45E7413}.Release|x64.Build.0 = Release|x64
		{BD604C7F-1CA2-4399-AC38-AD9CA45E7413}.Release|x86.ActiveCfg = Release|x86
		{BD604C7F-1CA2-4399-AC38-AD9CA45E7413}.Release|x86.Build.0 = Release|x86
		{9DC23719-6569-4F9A-A676-AAD97D1D233F}.Debug|Any CPU.ActiveCfg = Debug|Any CPU
		{9DC23719-6569-4F9A-A676-AAD97D1D233F}.Debug|Any CPU.Build.0 = Debug|Any CPU
		{9DC23719-6569-4F9A-A676-AAD97D1D233F}.Debug|Mixed Platforms.ActiveCfg = Debug|Any CPU
		{9DC23719-6569-4F9A-A676-AAD97D1D233F}.Debug|Mixed Platforms.Build.0 = Debug|Any CPU
		{9DC23719-6569-4F9A-A676-AAD97D1D233F}.Debug|x64.ActiveCfg = Debug|Any CPU
		{9DC23719-6569-4F9A-A676-AAD97D1D233F}.Debug|x86.ActiveCfg = Debug|Any CPU
		{9DC23719-6569-4F9A-A676-AAD97D1D233F}.Release|Any CPU.ActiveCfg = Release|Any CPU
		{9DC23719-6569-4F9A-A676-AAD97D1D233F}.Release|Any CPU.Build.0 = Release|Any CPU
		{9DC23719-6569-4F9A-A676-AAD97D1D233F}.Release|Mixed Platforms.ActiveCfg = Release|Any CPU
		{9DC23719-6569-4F9A-A676-AAD97D1D233F}.Release|Mixed Platforms.Build.0 = Release|Any CPU
		{9DC23719-6569-4F9A-A676-AAD97D1D233F}.Release|x64.ActiveCfg = Release|Any CPU
		{9DC23719-6569-4F9A-A676-AAD97D1D233F}.Release|x86.ActiveCfg = Release|Any CPU
		{55CD2497-80A6-49B9-880B-AB0743B7DECA}.Debug|Any CPU.ActiveCfg = Debug|Any CPU
		{55CD2497-80A6-49B9-880B-AB0743B7DECA}.Debug|Any CPU.Build.0 = Debug|Any CPU
		{55CD2497-80A6-49B9-880B-AB0743B7DECA}.Debug|Mixed Platforms.ActiveCfg = Debug|Any CPU
		{55CD2497-80A6-49B9-880B-AB0743B7DECA}.Debug|Mixed Platforms.Build.0 = Debug|Any CPU
		{55CD2497-80A6-49B9-880B-AB0743B7DECA}.Debug|x64.ActiveCfg = Debug|Any CPU
		{55CD2497-80A6-49B9-880B-AB0743B7DECA}.Debug|x86.ActiveCfg = Debug|Any CPU
		{55CD2497-80A6-49B9-880B-AB0743B7DECA}.Release|Any CPU.ActiveCfg = Release|Any CPU
		{55CD2497-80A6-49B9-880B-AB0743B7DECA}.Release|Any CPU.Build.0 = Release|Any CPU
		{55CD2497-80A6-49B9-880B-AB0743B7DECA}.Release|Mixed Platforms.ActiveCfg = Release|Any CPU
		{55CD2497-80A6-49B9-880B-AB0743B7DECA}.Release|Mixed Platforms.Build.0 = Release|Any CPU
		{55CD2497-80A6-49B9-880B-AB0743B7DECA}.Release|x64.ActiveCfg = Release|Any CPU
		{55CD2497-80A6-49B9-880B-AB0743B7DECA}.Release|x86.ActiveCfg = Release|Any CPU
		{2D912A6F-3F73-480C-B023-F1D7EF0DC954}.Debug|Any CPU.ActiveCfg = Debug|Any CPU
		{2D912A6F-3F73-480C-B023-F1D7EF0DC954}.Debug|Any CPU.Build.0 = Debug|Any CPU
		{2D912A6F-3F73-480C-B023-F1D7EF0DC954}.Debug|Mixed Platforms.ActiveCfg = Debug|Any CPU
		{2D912A6F-3F73-480C-B023-F1D7EF0DC954}.Debug|Mixed Platforms.Build.0 = Debug|Any CPU
		{2D912A6F-3F73-480C-B023-F1D7EF0DC954}.Debug|x64.ActiveCfg = Debug|Any CPU
		{2D912A6F-3F73-480C-B023-F1D7EF0DC954}.Debug|x86.ActiveCfg = Debug|Any CPU
		{2D912A6F-3F73-480C-B023-F1D7EF0DC954}.Release|Any CPU.ActiveCfg = Release|Any CPU
		{2D912A6F-3F73-480C-B023-F1D7EF0DC954}.Release|Any CPU.Build.0 = Release|Any CPU
		{2D912A6F-3F73-480C-B023-F1D7EF0DC954}.Release|Mixed Platforms.ActiveCfg = Release|Any CPU
		{2D912A6F-3F73-480C-B023-F1D7EF0DC954}.Release|Mixed Platforms.Build.0 = Release|Any CPU
		{2D912A6F-3F73-480C-B023-F1D7EF0DC954}.Release|x64.ActiveCfg = Release|Any CPU
		{2D912A6F-3F73-480C-B023-F1D7EF0DC954}.Release|x86.ActiveCfg = Release|Any CPU
		{FA52D32F-D526-4F88-855E-282829FF3C9F}.Debug|Any CPU.ActiveCfg = Debug|Any CPU
		{FA52D32F-D526-4F88-855E-282829FF3C9F}.Debug|Any CPU.Build.0 = Debug|Any CPU
		{FA52D32F-D526-4F88-855E-282829FF3C9F}.Debug|Mixed Platforms.ActiveCfg = Debug|Any CPU
		{FA52D32F-D526-4F88-855E-282829FF3C9F}.Debug|Mixed Platforms.Build.0 = Debug|Any CPU
		{FA52D32F-D526-4F88-855E-282829FF3C9F}.Debug|x64.ActiveCfg = Debug|Any CPU
		{FA52D32F-D526-4F88-855E-282829FF3C9F}.Debug|x86.ActiveCfg = Debug|Any CPU
		{FA52D32F-D526-4F88-855E-282829FF3C9F}.Release|Any CPU.ActiveCfg = Release|Any CPU
		{FA52D32F-D526-4F88-855E-282829FF3C9F}.Release|Any CPU.Build.0 = Release|Any CPU
		{FA52D32F-D526-4F88-855E-282829FF3C9F}.Release|Mixed Platforms.ActiveCfg = Release|Any CPU
		{FA52D32F-D526-4F88-855E-282829FF3C9F}.Release|Mixed Platforms.Build.0 = Release|Any CPU
		{FA52D32F-D526-4F88-855E-282829FF3C9F}.Release|x64.ActiveCfg = Release|Any CPU
		{FA52D32F-D526-4F88-855E-282829FF3C9F}.Release|x86.ActiveCfg = Release|Any CPU
		{36A0328B-1A60-4F07-BC34-4D22A7F65CAC}.Debug|Any CPU.ActiveCfg = Debug|Any CPU
		{36A0328B-1A60-4F07-BC34-4D22A7F65CAC}.Debug|Any CPU.Build.0 = Debug|Any CPU
		{36A0328B-1A60-4F07-BC34-4D22A7F65CAC}.Debug|Mixed Platforms.ActiveCfg = Debug|Any CPU
		{36A0328B-1A60-4F07-BC34-4D22A7F65CAC}.Debug|Mixed Platforms.Build.0 = Debug|Any CPU
		{36A0328B-1A60-4F07-BC34-4D22A7F65CAC}.Debug|x64.ActiveCfg = Debug|Any CPU
		{36A0328B-1A60-4F07-BC34-4D22A7F65CAC}.Debug|x86.ActiveCfg = Debug|Any CPU
		{36A0328B-1A60-4F07-BC34-4D22A7F65CAC}.Release|Any CPU.ActiveCfg = Release|Any CPU
		{36A0328B-1A60-4F07-BC34-4D22A7F65CAC}.Release|Any CPU.Build.0 = Release|Any CPU
		{36A0328B-1A60-4F07-BC34-4D22A7F65CAC}.Release|Mixed Platforms.ActiveCfg = Release|Any CPU
		{36A0328B-1A60-4F07-BC34-4D22A7F65CAC}.Release|Mixed Platforms.Build.0 = Release|Any CPU
		{36A0328B-1A60-4F07-BC34-4D22A7F65CAC}.Release|x64.ActiveCfg = Release|Any CPU
		{36A0328B-1A60-4F07-BC34-4D22A7F65CAC}.Release|x86.ActiveCfg = Release|Any CPU
		{048106C1-7D68-4B3C-B7B1-EB437F2C15B0}.Debug|Any CPU.ActiveCfg = Debug|Any CPU
		{048106C1-7D68-4B3C-B7B1-EB437F2C15B0}.Debug|Any CPU.Build.0 = Debug|Any CPU
		{048106C1-7D68-4B3C-B7B1-EB437F2C15B0}.Debug|Mixed Platforms.ActiveCfg = Debug|Any CPU
		{048106C1-7D68-4B3C-B7B1-EB437F2C15B0}.Debug|Mixed Platforms.Build.0 = Debug|Any CPU
		{048106C1-7D68-4B3C-B7B1-EB437F2C15B0}.Debug|x64.ActiveCfg = Debug|Any CPU
		{048106C1-7D68-4B3C-B7B1-EB437F2C15B0}.Debug|x86.ActiveCfg = Debug|Any CPU
		{048106C1-7D68-4B3C-B7B1-EB437F2C15B0}.Release|Any CPU.ActiveCfg = Release|Any CPU
		{048106C1-7D68-4B3C-B7B1-EB437F2C15B0}.Release|Any CPU.Build.0 = Release|Any CPU
		{048106C1-7D68-4B3C-B7B1-EB437F2C15B0}.Release|Mixed Platforms.ActiveCfg = Release|Any CPU
		{048106C1-7D68-4B3C-B7B1-EB437F2C15B0}.Release|Mixed Platforms.Build.0 = Release|Any CPU
		{048106C1-7D68-4B3C-B7B1-EB437F2C15B0}.Release|x64.ActiveCfg = Release|Any CPU
		{048106C1-7D68-4B3C-B7B1-EB437F2C15B0}.Release|x86.ActiveCfg = Release|Any CPU
		{B0BAF044-8F12-4C67-B485-A6B98333AAA1}.Debug|Any CPU.ActiveCfg = Debug|Any CPU
		{B0BAF044-8F12-4C67-B485-A6B98333AAA1}.Debug|Any CPU.Build.0 = Debug|Any CPU
		{B0BAF044-8F12-4C67-B485-A6B98333AAA1}.Debug|Mixed Platforms.ActiveCfg = Debug|Any CPU
		{B0BAF044-8F12-4C67-B485-A6B98333AAA1}.Debug|Mixed Platforms.Build.0 = Debug|Any CPU
		{B0BAF044-8F12-4C67-B485-A6B98333AAA1}.Debug|x64.ActiveCfg = Debug|Any CPU
		{B0BAF044-8F12-4C67-B485-A6B98333AAA1}.Debug|x86.ActiveCfg = Debug|Any CPU
		{B0BAF044-8F12-4C67-B485-A6B98333AAA1}.Release|Any CPU.ActiveCfg = Release|Any CPU
		{B0BAF044-8F12-4C67-B485-A6B98333AAA1}.Release|Any CPU.Build.0 = Release|Any CPU
		{B0BAF044-8F12-4C67-B485-A6B98333AAA1}.Release|Mixed Platforms.ActiveCfg = Release|Any CPU
		{B0BAF044-8F12-4C67-B485-A6B98333AAA1}.Release|Mixed Platforms.Build.0 = Release|Any CPU
		{B0BAF044-8F12-4C67-B485-A6B98333AAA1}.Release|x64.ActiveCfg = Release|Any CPU
		{B0BAF044-8F12-4C67-B485-A6B98333AAA1}.Release|x86.ActiveCfg = Release|Any CPU
		{ECB9F199-28F2-48B9-82E9-B4EDADE8AEBB}.Debug|Any CPU.ActiveCfg = Debug|Any CPU
		{ECB9F199-28F2-48B9-82E9-B4EDADE8AEBB}.Debug|Any CPU.Build.0 = Debug|Any CPU
		{ECB9F199-28F2-48B9-82E9-B4EDADE8AEBB}.Debug|Mixed Platforms.ActiveCfg = Debug|Any CPU
		{ECB9F199-28F2-48B9-82E9-B4EDADE8AEBB}.Debug|Mixed Platforms.Build.0 = Debug|Any CPU
		{ECB9F199-28F2-48B9-82E9-B4EDADE8AEBB}.Debug|x64.ActiveCfg = Debug|Any CPU
		{ECB9F199-28F2-48B9-82E9-B4EDADE8AEBB}.Debug|x86.ActiveCfg = Debug|Any CPU
		{ECB9F199-28F2-48B9-82E9-B4EDADE8AEBB}.Release|Any CPU.ActiveCfg = Release|Any CPU
		{ECB9F199-28F2-48B9-82E9-B4EDADE8AEBB}.Release|Any CPU.Build.0 = Release|Any CPU
		{ECB9F199-28F2-48B9-82E9-B4EDADE8AEBB}.Release|Mixed Platforms.ActiveCfg = Release|Any CPU
		{ECB9F199-28F2-48B9-82E9-B4EDADE8AEBB}.Release|Mixed Platforms.Build.0 = Release|Any CPU
		{ECB9F199-28F2-48B9-82E9-B4EDADE8AEBB}.Release|x64.ActiveCfg = Release|Any CPU
		{ECB9F199-28F2-48B9-82E9-B4EDADE8AEBB}.Release|x86.ActiveCfg = Release|Any CPU
		{B81264F7-07F2-49F1-8117-EC22C7355912}.Debug|Any CPU.ActiveCfg = Debug|Any CPU
		{B81264F7-07F2-49F1-8117-EC22C7355912}.Debug|Any CPU.Build.0 = Debug|Any CPU
		{B81264F7-07F2-49F1-8117-EC22C7355912}.Debug|Mixed Platforms.ActiveCfg = Debug|Any CPU
		{B81264F7-07F2-49F1-8117-EC22C7355912}.Debug|Mixed Platforms.Build.0 = Debug|Any CPU
		{B81264F7-07F2-49F1-8117-EC22C7355912}.Debug|x64.ActiveCfg = Debug|Any CPU
		{B81264F7-07F2-49F1-8117-EC22C7355912}.Debug|x86.ActiveCfg = Debug|Any CPU
		{B81264F7-07F2-49F1-8117-EC22C7355912}.Release|Any CPU.ActiveCfg = Release|Any CPU
		{B81264F7-07F2-49F1-8117-EC22C7355912}.Release|Any CPU.Build.0 = Release|Any CPU
		{B81264F7-07F2-49F1-8117-EC22C7355912}.Release|Mixed Platforms.ActiveCfg = Release|Any CPU
		{B81264F7-07F2-49F1-8117-EC22C7355912}.Release|Mixed Platforms.Build.0 = Release|Any CPU
		{B81264F7-07F2-49F1-8117-EC22C7355912}.Release|x64.ActiveCfg = Release|Any CPU
		{B81264F7-07F2-49F1-8117-EC22C7355912}.Release|x86.ActiveCfg = Release|Any CPU
		{2FFE04F0-B6C2-405E-92A4-D1F3B6B037BC}.Debug|Any CPU.ActiveCfg = Debug|Any CPU
		{2FFE04F0-B6C2-405E-92A4-D1F3B6B037BC}.Debug|Any CPU.Build.0 = Debug|Any CPU
		{2FFE04F0-B6C2-405E-92A4-D1F3B6B037BC}.Debug|Mixed Platforms.ActiveCfg = Debug|Any CPU
		{2FFE04F0-B6C2-405E-92A4-D1F3B6B037BC}.Debug|Mixed Platforms.Build.0 = Debug|Any CPU
		{2FFE04F0-B6C2-405E-92A4-D1F3B6B037BC}.Debug|x64.ActiveCfg = Debug|Any CPU
		{2FFE04F0-B6C2-405E-92A4-D1F3B6B037BC}.Debug|x64.Build.0 = Debug|Any CPU
		{2FFE04F0-B6C2-405E-92A4-D1F3B6B037BC}.Debug|x86.ActiveCfg = Debug|Any CPU
		{2FFE04F0-B6C2-405E-92A4-D1F3B6B037BC}.Release|Any CPU.ActiveCfg = Release|Any CPU
		{2FFE04F0-B6C2-405E-92A4-D1F3B6B037BC}.Release|Any CPU.Build.0 = Release|Any CPU
		{2FFE04F0-B6C2-405E-92A4-D1F3B6B037BC}.Release|Mixed Platforms.ActiveCfg = Release|Any CPU
		{2FFE04F0-B6C2-405E-92A4-D1F3B6B037BC}.Release|Mixed Platforms.Build.0 = Release|Any CPU
		{2FFE04F0-B6C2-405E-92A4-D1F3B6B037BC}.Release|x64.ActiveCfg = Release|Any CPU
		{2FFE04F0-B6C2-405E-92A4-D1F3B6B037BC}.Release|x64.Build.0 = Release|Any CPU
		{2FFE04F0-B6C2-405E-92A4-D1F3B6B037BC}.Release|x86.ActiveCfg = Release|Any CPU
		{2FFE04F0-B6C2-405E-92A4-D1F3B6B037BC}.Release|x86.Build.0 = Release|Any CPU
	EndGlobalSection
	GlobalSection(SolutionProperties) = preSolution
		HideSolutionNode = FALSE
	EndGlobalSection
	GlobalSection(ExtensibilityGlobals) = postSolution
		SolutionGuid = {7A8AA60A-F697-461F-AC89-538E544D9CB9}
	EndGlobalSection
EndGlobal
